
Microsoft Visual Studio Solution File, Format Version 12.00
# Visual Studio 15
VisualStudioVersion = 15.0.28307.489
MinimumVisualStudioVersion = 10.0.40219.1
Project("{FAE04EC0-301F-11D3-BF4B-00C04F79EFBC}") = "Outofclass4", "Outofclass4\Outofclass4.csproj", "{60B68F6F-2E07-4E03-816A-D41D1F4EC059}"
EndProject
Global
	GlobalSection(SolutionConfigurationPlatforms) = preSolution
		Debug|Any CPU = Debug|Any CPU
		Release|Any CPU = Release|Any CPU
	EndGlobalSection
	GlobalSection(ProjectConfigurationPlatforms) = postSolution
		{60B68F6F-2E07-4E03-816A-D41D1F4EC059}.Debug|Any CPU.ActiveCfg = Debug|Any CPU
		{60B68F6F-2E07-4E03-816A-D41D1F4EC059}.Debug|Any CPU.Build.0 = Debug|Any CPU
		{60B68F6F-2E07-4E03-816A-D41D1F4EC059}.Release|Any CPU.ActiveCfg = Release|Any CPU
		{60B68F6F-2E07-4E03-816A-D41D1F4EC059}.Release|Any CPU.Build.0 = Release|Any CPU
	EndGlobalSection
	GlobalSection(SolutionProperties) = preSolution
		HideSolutionNode = FALSE
	EndGlobalSection
	GlobalSection(ExtensibilityGlobals) = postSolution
		SolutionGuid = {252E098F-ACCB-46C3-AF96-40AFA0DA7E1D}
	EndGlobalSection
EndGlobal
